
Microsoft Visual Studio Solution File, Format Version 12.00
# Visual Studio 15
VisualStudioVersion = 15.0.27428.2015
MinimumVisualStudioVersion = 10.0.40219.1
Project("{FAE04EC0-301F-11D3-BF4B-00C04F79EFBC}") = "Soteria.Web", "Soteria.Web\Soteria.Web.csproj", "{71654698-E099-427A-AA0D-6111C6F124DD}"
EndProject
Project("{FAE04EC0-301F-11D3-BF4B-00C04F79EFBC}") = "Soteria.UnitTests", "Soteria.Web.Tests\Soteria.UnitTests.csproj", "{B297231E-6F05-44D6-93FC-893F960F2B1A}"
EndProject
Project("{FAE04EC0-301F-11D3-BF4B-00C04F79EFBC}") = "Soteria.DataComponents", "Soteria.Dapo\Soteria.DataComponents.csproj", "{3462CF3C-1FF7-4EB9-91DD-8DE3108840DF}"
EndProject
Project("{FAE04EC0-301F-11D3-BF4B-00C04F79EFBC}") = "Soteria.Mobile", "Soteria.Mobile\Soteria.Mobile.csproj", "{9A6B2DB2-0247-42F7-91DD-0D59CEA3188C}"
EndProject
Project("{FAE04EC0-301F-11D3-BF4B-00C04F79EFBC}") = "Soteria.TVApp", "Soteria.TVApp\Soteria.TVApp.csproj", "{0D2A1766-CFA8-4A8E-BB24-A9B6B042D48A}"
EndProject
Global
	GlobalSection(SolutionConfigurationPlatforms) = preSolution
		Debug|Any CPU = Debug|Any CPU
		Release|Any CPU = Release|Any CPU
	EndGlobalSection
	GlobalSection(ProjectConfigurationPlatforms) = postSolution
		{71654698-E099-427A-AA0D-6111C6F124DD}.Debug|Any CPU.ActiveCfg = Debug|Any CPU
		{71654698-E099-427A-AA0D-6111C6F124DD}.Debug|Any CPU.Build.0 = Debug|Any CPU
		{71654698-E099-427A-AA0D-6111C6F124DD}.Release|Any CPU.ActiveCfg = Release|Any CPU
		{71654698-E099-427A-AA0D-6111C6F124DD}.Release|Any CPU.Build.0 = Release|Any CPU
		{B297231E-6F05-44D6-93FC-893F960F2B1A}.Debug|Any CPU.ActiveCfg = Debug|Any CPU
		{B297231E-6F05-44D6-93FC-893F960F2B1A}.Debug|Any CPU.Build.0 = Debug|Any CPU
		{B297231E-6F05-44D6-93FC-893F960F2B1A}.Release|Any CPU.ActiveCfg = Release|Any CPU
		{B297231E-6F05-44D6-93FC-893F960F2B1A}.Release|Any CPU.Build.0 = Release|Any CPU
		{3462CF3C-1FF7-4EB9-91DD-8DE3108840DF}.Debug|Any CPU.ActiveCfg = Debug|Any CPU
		{3462CF3C-1FF7-4EB9-91DD-8DE3108840DF}.Debug|Any CPU.Build.0 = Debug|Any CPU
		{3462CF3C-1FF7-4EB9-91DD-8DE3108840DF}.Release|Any CPU.ActiveCfg = Release|Any CPU
		{3462CF3C-1FF7-4EB9-91DD-8DE3108840DF}.Release|Any CPU.Build.0 = Release|Any CPU
		{9A6B2DB2-0247-42F7-91DD-0D59CEA3188C}.Debug|Any CPU.ActiveCfg = Debug|Any CPU
		{9A6B2DB2-0247-42F7-91DD-0D59CEA3188C}.Debug|Any CPU.Build.0 = Debug|Any CPU
		{9A6B2DB2-0247-42F7-91DD-0D59CEA3188C}.Release|Any CPU.ActiveCfg = Release|Any CPU
		{9A6B2DB2-0247-42F7-91DD-0D59CEA3188C}.Release|Any CPU.Build.0 = Release|Any CPU
		{0D2A1766-CFA8-4A8E-BB24-A9B6B042D48A}.Debug|Any CPU.ActiveCfg = Debug|Any CPU
		{0D2A1766-CFA8-4A8E-BB24-A9B6B042D48A}.Debug|Any CPU.Build.0 = Debug|Any CPU
		{0D2A1766-CFA8-4A8E-BB24-A9B6B042D48A}.Release|Any CPU.ActiveCfg = Release|Any CPU
		{0D2A1766-CFA8-4A8E-BB24-A9B6B042D48A}.Release|Any CPU.Build.0 = Release|Any CPU
	EndGlobalSection
	GlobalSection(SolutionProperties) = preSolution
		HideSolutionNode = FALSE
	EndGlobalSection
	GlobalSection(ExtensibilityGlobals) = postSolution
		SolutionGuid = {40ECFB42-611E-4650-9426-0F8CE7FE9A09}
	EndGlobalSection
	GlobalSection(TeamFoundationVersionControl) = preSolution
		SccNumberOfProjects = 6
		SccEnterpriseProvider = {4CA58AB2-18FA-4F8D-95D4-32DDF27D184C}
		SccTeamFoundationServer = https://dev.azure.com/nestotus
		SccLocalPath0 = .
		SccProjectUniqueName1 = Soteria.Web\\Soteria.Web.csproj
		SccProjectName1 = Soteria.Web
		SccLocalPath1 = Soteria.Web
		SccProjectUniqueName2 = Soteria.Dapo\\Soteria.DataComponents.csproj
		SccProjectName2 = Soteria.Dapo
		SccLocalPath2 = Soteria.Dapo
		SccProjectUniqueName3 = Soteria.Mobile\\Soteria.Mobile.csproj
		SccProjectName3 = Soteria.Mobile
		SccLocalPath3 = Soteria.Mobile
		SccProjectUniqueName4 = Soteria.Web.Tests\\Soteria.UnitTests.csproj
		SccProjectName4 = Soteria.Web.Tests
		SccLocalPath4 = Soteria.Web.Tests
		SccProjectUniqueName5 = Soteria.TVApp\\Soteria.TVApp.csproj
		SccProjectName5 = Soteria.TVApp
		SccLocalPath5 = Soteria.TVApp
	EndGlobalSection
EndGlobal
